<?xml version="1.0" encoding="utf-8"?>
<Project ToolsVersion="4.0" xmlns="http://schemas.microsoft.com/developer/msbuild/2003">
  <ItemGroup>
    <Filter Include="Source Files">
      <UniqueIdentifier>{053cebdd-e2ee-4475-8142-75174c776252}</UniqueIdentifier>
      <Extensions>cpp;c;cxx;rc;def;r;odl;idl;hpj;bat</Extensions>
    </Filter>
    <Filter Include="Header Files">
      <UniqueIdentifier>{6d787a4c-75a7-4f8f-98ee-3d47c62c1763}</UniqueIdentifier>
      <Extensions>h;hpp;hxx;hm;inl</Extensions>
    </Filter>
    <Filter Include="Resource Files">
      <UniqueIdentifier>{94a56f09-bdf5-4adf-b583-4f1d54300510}</UniqueIdentifier>
      <Extensions>ico;cur;bmp;dlg;rc2;rct;bin;rgs;gif;jpg;jpeg;jpe</Extensions>
    </Filter>
  </ItemGroup>
  <ItemGroup>
    <ClCompile Include="BusStation_Client.cpp">
      <Filter>Source Files</Filter>
    </ClCompile>
    <ClCompile Include="BusStation_ClientDoc.cpp">
      <Filter>Source Files</Filter>
    </ClCompile>
    <ClCompile Include="BusStation_ClientView.cpp">
      <Filter>Source Files</Filter>
    </ClCompile>
    <ClCompile Include="MainFrm.cpp">
      <Filter>Source Files</Filter>
    </ClCompile>
    <ClCompile Include="MenuBar.cpp">
      <Filter>Source Files</Filter>
    </ClCompile>
    <ClCompile Include="SettingDlg.cpp">
      <Filter>Source Files</Filter>
    </ClCompile>
    <ClCompile Include="StdAfx.cpp">
      <Filter>Source Files</Filter>
    </ClCompile>
    <ClCompile Include="SubclassWnd.cpp">
      <Filter>Source Files</Filter>
    </ClCompile>
  </ItemGroup>
  <ItemGroup>
    <ResourceCompile Include="BusStation_Client.rc">
      <Filter>Source Files</Filter>
    </ResourceCompile>
  </ItemGroup>
  <ItemGroup>
    <ClInclude Include="BusStation_Client.h">
      <Filter>Header Files</Filter>
    </ClInclude>
    <ClInclude Include="BusStation_ClientDoc.h">
      <Filter>Header Files</Filter>
    </ClInclude>
    <ClInclude Include="BusStation_ClientView.h">
      <Filter>Header Files</Filter>
    </ClInclude>
    <ClInclude Include="MainFrm.h">
      <Filter>Header Files</Filter>
    </ClInclude>
    <ClInclude Include="MemDC.h">
      <Filter>Header Files</Filter>
    </ClInclude>
    <ClInclude Include="MenuBar.h">
      <Filter>Header Files</Filter>
    </ClInclude>
    <ClInclude Include="Resource.h">
      <Filter>Header Files</Filter>
    </ClInclude>
    <ClInclude Include="SettingDlg.h">
      <Filter>Header Files</Filter>
    </ClInclude>
    <ClInclude Include="StdAfx.h">
      <Filter>Header Files</Filter>
    </ClInclude>
    <ClInclude Include="SubclassWnd.h">
      <Filter>Header Files</Filter>
    </ClInclude>
  </ItemGroup>
  <ItemGroup>
    <Image Include="res\1.bmp">
      <Filter>Resource Files</Filter>
    </Image>
    <Image Include="res\2.bmp">
      <Filter>Resource Files</Filter>
    </Image>
    <Image Include="res\3.bmp">
      <Filter>Resource Files</Filter>
    </Image>
    <Image Include="res\4.bmp">
      <Filter>Resource Files</Filter>
    </Image>
    <Image Include="res\back2.bmp">
      <Filter>Resource Files</Filter>
    </Image>
    <Image Include="res\back_256.bmp">
      <Filter>Resource Files</Filter>
    </Image>
    <Image Include="res\blue2.bmp">
      <Filter>Resource Files</Filter>
    </Image>
    <Image Include="res\blue4.bmp">
      <Filter>Resource Files</Filter>
    </Image>
    <Image Include="res\BusStation_Client.ico">
      <Filter>Resource Files</Filter>
    </Image>
    <Image Include="res\BusStation_ClientDoc.ico">
      <Filter>Resource Files</Filter>
    </Image>
    <Image Include="res\pGreen.bmp">
      <Filter>Resource Files</Filter>
    </Image>
    <Image Include="res\pRed.bmp">
      <Filter>Resource Files</Filter>
    </Image>
    <Image Include="res\pYellow.bmp">
      <Filter>Resource Files</Filter>
    </Image>
    <Image Include="res\red2.bmp">
      <Filter>Resource Files</Filter>
    </Image>
    <Image Include="res\Toolbar.bmp">
      <Filter>Resource Files</Filter>
    </Image>
  </ItemGroup>
  <ItemGroup>
    <None Include="res\BusStation_Client.rc2">
      <Filter>Resource Files</Filter>
    </None>
  </ItemGroup>
  <ItemGroup>
    <Text Include="ReadMe.txt" />
  </ItemGroup>
  <ItemGroup>
    <Media Include="res\일반버스.wav" />
    <Media Include="res\장애인버스.wav" />
    <Media Include="res\테마버스.wav" />
  </ItemGroup>
</Project>